
Microsoft Visual Studio Solution File, Format Version 12.00
# Visual Studio 14
VisualStudioVersion = 14.0.23107.0
MinimumVisualStudioVersion = 10.0.40219.1
Project("{FAE04EC0-301F-11D3-BF4B-00C04F79EFBC}") = "MvcLearn", "MvcLearn\MvcLearn.csproj", "{67C76F77-56E1-40F1-A496-EBDAD857C86B}"
EndProject
Project("{FAE04EC0-301F-11D3-BF4B-00C04F79EFBC}") = "MvcLearn.Tests", "MvcLearn.Tests\MvcLearn.Tests.csproj", "{64D2E0DA-5E5E-44E6-98E8-95D68DD611B1}"
EndProject
Global
	GlobalSection(SolutionConfigurationPlatforms) = preSolution
		Debug|Any CPU = Debug|Any CPU
		Release|Any CPU = Release|Any CPU
	EndGlobalSection
	GlobalSection(ProjectConfigurationPlatforms) = postSolution
		{67C76F77-56E1-40F1-A496-EBDAD857C86B}.Debug|Any CPU.ActiveCfg = Debug|Any CPU
		{67C76F77-56E1-40F1-A496-EBDAD857C86B}.Debug|Any CPU.Build.0 = Debug|Any CPU
		{67C76F77-56E1-40F1-A496-EBDAD857C86B}.Release|Any CPU.ActiveCfg = Release|Any CPU
		{67C76F77-56E1-40F1-A496-EBDAD857C86B}.Release|Any CPU.Build.0 = Release|Any CPU
		{64D2E0DA-5E5E-44E6-98E8-95D68DD611B1}.Debug|Any CPU.ActiveCfg = Debug|Any CPU
		{64D2E0DA-5E5E-44E6-98E8-95D68DD611B1}.Debug|Any CPU.Build.0 = Debug|Any CPU
		{64D2E0DA-5E5E-44E6-98E8-95D68DD611B1}.Release|Any CPU.ActiveCfg = Release|Any CPU
		{64D2E0DA-5E5E-44E6-98E8-95D68DD611B1}.Release|Any CPU.Build.0 = Release|Any CPU
	EndGlobalSection
	GlobalSection(SolutionProperties) = preSolution
		HideSolutionNode = FALSE
	EndGlobalSection
EndGlobal
