
Microsoft Visual Studio Solution File, Format Version 12.00
# Visual Studio 14
VisualStudioVersion = 14.0.25123.0
MinimumVisualStudioVersion = 10.0.40219.1
Project("{2150E333-8FDC-42A3-9474-1A3956D46DE8}") = ".nuget", ".nuget", "{9F790D8D-65FE-4E1A-8490-C0D9AF696AC8}"
	ProjectSection(SolutionItems) = preProject
		.nuget\packages.config = .nuget\packages.config
	EndProjectSection
EndProject
Project("{FAE04EC0-301F-11D3-BF4B-00C04F79EFBC}") = "DML.Generator.Web", "DML.Generator.Web\DML.Generator.Web.csproj", "{189ACF68-CE3D-4838-AD87-C2139FCAFCF2}"
EndProject
Project("{FAE04EC0-301F-11D3-BF4B-00C04F79EFBC}") = "DML.Generator.Domain", "DML.Generator.Domain\DML.Generator.Domain.csproj", "{0587FD23-A4CA-4C32-AA9C-799DE698CAD3}"
EndProject
Global
	GlobalSection(SolutionConfigurationPlatforms) = preSolution
		Debug|Any CPU = Debug|Any CPU
		Release|Any CPU = Release|Any CPU
	EndGlobalSection
	GlobalSection(ProjectConfigurationPlatforms) = postSolution
		{189ACF68-CE3D-4838-AD87-C2139FCAFCF2}.Debug|Any CPU.ActiveCfg = Debug|Any CPU
		{189ACF68-CE3D-4838-AD87-C2139FCAFCF2}.Debug|Any CPU.Build.0 = Debug|Any CPU
		{189ACF68-CE3D-4838-AD87-C2139FCAFCF2}.Release|Any CPU.ActiveCfg = Release|Any CPU
		{189ACF68-CE3D-4838-AD87-C2139FCAFCF2}.Release|Any CPU.Build.0 = Release|Any CPU
		{0587FD23-A4CA-4C32-AA9C-799DE698CAD3}.Debug|Any CPU.ActiveCfg = Debug|Any CPU
		{0587FD23-A4CA-4C32-AA9C-799DE698CAD3}.Debug|Any CPU.Build.0 = Debug|Any CPU
		{0587FD23-A4CA-4C32-AA9C-799DE698CAD3}.Release|Any CPU.ActiveCfg = Release|Any CPU
		{0587FD23-A4CA-4C32-AA9C-799DE698CAD3}.Release|Any CPU.Build.0 = Release|Any CPU
	EndGlobalSection
	GlobalSection(SolutionProperties) = preSolution
		HideSolutionNode = FALSE
	EndGlobalSection
EndGlobal
