
Microsoft Visual Studio Solution File, Format Version 12.00
# Visual Studio 14
VisualStudioVersion = 14.0.23107.0
MinimumVisualStudioVersion = 10.0.40219.1
Project("{FAE04EC0-301F-11D3-BF4B-00C04F79EFBC}") = "HTML5CSSnJSLearnings", "HTML5CSSnJSLearnings\HTML5CSSnJSLearnings.csproj", "{CD189891-846F-427E-98D9-66DD2D14C05C}"
EndProject
Project("{FAE04EC0-301F-11D3-BF4B-00C04F79EFBC}") = "HTML5CSSnJSLearnings.Tests", "HTML5CSSnJSLearnings.Tests\HTML5CSSnJSLearnings.Tests.csproj", "{DF84D276-E67E-4734-864B-432DB2B86614}"
EndProject
Global
	GlobalSection(SolutionConfigurationPlatforms) = preSolution
		Debug|Any CPU = Debug|Any CPU
		Release|Any CPU = Release|Any CPU
	EndGlobalSection
	GlobalSection(ProjectConfigurationPlatforms) = postSolution
		{CD189891-846F-427E-98D9-66DD2D14C05C}.Debug|Any CPU.ActiveCfg = Debug|Any CPU
		{CD189891-846F-427E-98D9-66DD2D14C05C}.Debug|Any CPU.Build.0 = Debug|Any CPU
		{CD189891-846F-427E-98D9-66DD2D14C05C}.Release|Any CPU.ActiveCfg = Release|Any CPU
		{CD189891-846F-427E-98D9-66DD2D14C05C}.Release|Any CPU.Build.0 = Release|Any CPU
		{DF84D276-E67E-4734-864B-432DB2B86614}.Debug|Any CPU.ActiveCfg = Debug|Any CPU
		{DF84D276-E67E-4734-864B-432DB2B86614}.Debug|Any CPU.Build.0 = Debug|Any CPU
		{DF84D276-E67E-4734-864B-432DB2B86614}.Release|Any CPU.ActiveCfg = Release|Any CPU
		{DF84D276-E67E-4734-864B-432DB2B86614}.Release|Any CPU.Build.0 = Release|Any CPU
	EndGlobalSection
	GlobalSection(SolutionProperties) = preSolution
		HideSolutionNode = FALSE
	EndGlobalSection
EndGlobal
