
Microsoft Visual Studio Solution File, Format Version 12.00
# Visual Studio 14
VisualStudioVersion = 14.0.25123.0
MinimumVisualStudioVersion = 10.0.40219.1
Project("{FAE04EC0-301F-11D3-BF4B-00C04F79EFBC}") = "RunBoardMVC", "RunBoardMVC\RunBoardMVC.csproj", "{1AA5F7C7-EEFB-495B-A688-5B5D0F0FDAC9}"
EndProject
Project("{FAE04EC0-301F-11D3-BF4B-00C04F79EFBC}") = "RunBoardMVC.Tests", "RunBoardMVC.Tests\RunBoardMVC.Tests.csproj", "{0F1BBF5C-C74C-40EA-A9DA-B859D1A27382}"
EndProject
Project("{FAE04EC0-301F-11D3-BF4B-00C04F79EFBC}") = "RunboardAPI", "RunboardAPI\RunboardAPI.csproj", "{A282D19B-D5C9-4E98-A2AB-9192AEFD1480}"
EndProject
Project("{FAE04EC0-301F-11D3-BF4B-00C04F79EFBC}") = "RunboardAPI.Tests", "RunboardAPI.Tests\RunboardAPI.Tests.csproj", "{0F61E2A6-0281-47BF-B316-9E923FF6A606}"
EndProject
Global
	GlobalSection(SolutionConfigurationPlatforms) = preSolution
		Debug|Any CPU = Debug|Any CPU
		Release|Any CPU = Release|Any CPU
	EndGlobalSection
	GlobalSection(ProjectConfigurationPlatforms) = postSolution
		{1AA5F7C7-EEFB-495B-A688-5B5D0F0FDAC9}.Debug|Any CPU.ActiveCfg = Debug|Any CPU
		{1AA5F7C7-EEFB-495B-A688-5B5D0F0FDAC9}.Debug|Any CPU.Build.0 = Debug|Any CPU
		{1AA5F7C7-EEFB-495B-A688-5B5D0F0FDAC9}.Release|Any CPU.ActiveCfg = Release|Any CPU
		{1AA5F7C7-EEFB-495B-A688-5B5D0F0FDAC9}.Release|Any CPU.Build.0 = Release|Any CPU
		{0F1BBF5C-C74C-40EA-A9DA-B859D1A27382}.Debug|Any CPU.ActiveCfg = Debug|Any CPU
		{0F1BBF5C-C74C-40EA-A9DA-B859D1A27382}.Debug|Any CPU.Build.0 = Debug|Any CPU
		{0F1BBF5C-C74C-40EA-A9DA-B859D1A27382}.Release|Any CPU.ActiveCfg = Release|Any CPU
		{0F1BBF5C-C74C-40EA-A9DA-B859D1A27382}.Release|Any CPU.Build.0 = Release|Any CPU
		{A282D19B-D5C9-4E98-A2AB-9192AEFD1480}.Debug|Any CPU.ActiveCfg = Debug|Any CPU
		{A282D19B-D5C9-4E98-A2AB-9192AEFD1480}.Debug|Any CPU.Build.0 = Debug|Any CPU
		{A282D19B-D5C9-4E98-A2AB-9192AEFD1480}.Release|Any CPU.ActiveCfg = Release|Any CPU
		{A282D19B-D5C9-4E98-A2AB-9192AEFD1480}.Release|Any CPU.Build.0 = Release|Any CPU
		{0F61E2A6-0281-47BF-B316-9E923FF6A606}.Debug|Any CPU.ActiveCfg = Debug|Any CPU
		{0F61E2A6-0281-47BF-B316-9E923FF6A606}.Debug|Any CPU.Build.0 = Debug|Any CPU
		{0F61E2A6-0281-47BF-B316-9E923FF6A606}.Release|Any CPU.ActiveCfg = Release|Any CPU
		{0F61E2A6-0281-47BF-B316-9E923FF6A606}.Release|Any CPU.Build.0 = Release|Any CPU
	EndGlobalSection
	GlobalSection(SolutionProperties) = preSolution
		HideSolutionNode = FALSE
	EndGlobalSection
EndGlobal
